
Microsoft Visual Studio Solution File, Format Version 12.00
# Visual Studio Version 17
VisualStudioVersion = 17.5.33516.290
MinimumVisualStudioVersion = 10.0.40219.1
Project("{2150E333-8FDC-42A3-9474-1A3956D46DE8}") = "Entidades", "Entidades", "{83E277FC-999F-47AE-B1CB-764FED170B80}"
EndProject
Project("{2150E333-8FDC-42A3-9474-1A3956D46DE8}") = "Carniceria GUI", "Carniceria GUI", "{77D8720B-6BA3-4F0C-97C3-03EF67B56CDE}"
EndProject
Project("{9A19103F-16F7-4668-BE54-9A1E7A4F7556}") = "Entidades", "Entidades\Entidades.csproj", "{E130CE07-5DED-4370-B7BF-C09FF5E4D3ED}"
EndProject
Project("{9A19103F-16F7-4668-BE54-9A1E7A4F7556}") = "Carniceria GUI", "Carniceria GUI\Carniceria GUI.csproj", "{FAE5FA8F-E52D-47FB-838F-BD653D6A7F77}"
EndProject
Project("{2150E333-8FDC-42A3-9474-1A3956D46DE8}") = "Unit Testing", "Unit Testing", "{88F3DDB9-DBCB-439A-AD43-F21DD02A554C}"
EndProject
Project("{9A19103F-16F7-4668-BE54-9A1E7A4F7556}") = "UnitTestings", "UnitTestingSQL\UnitTestings.csproj", "{E6E46A4B-9C64-455E-A825-43C47C924525}"
EndProject
Project("{2150E333-8FDC-42A3-9474-1A3956D46DE8}") = "Excepciones", "Excepciones", "{370E1649-6634-41A9-A7E9-DEE5109BE1F8}"
EndProject
Project("{9A19103F-16F7-4668-BE54-9A1E7A4F7556}") = "Excepciones", "Excepciones\Excepciones.csproj", "{DD78CA5D-B7E0-4190-81CA-862FD88E00B9}"
EndProject
Global
	GlobalSection(SolutionConfigurationPlatforms) = preSolution
		Debug|Any CPU = Debug|Any CPU
		Release|Any CPU = Release|Any CPU
	EndGlobalSection
	GlobalSection(ProjectConfigurationPlatforms) = postSolution
		{E130CE07-5DED-4370-B7BF-C09FF5E4D3ED}.Debug|Any CPU.ActiveCfg = Debug|Any CPU
		{E130CE07-5DED-4370-B7BF-C09FF5E4D3ED}.Debug|Any CPU.Build.0 = Debug|Any CPU
		{E130CE07-5DED-4370-B7BF-C09FF5E4D3ED}.Release|Any CPU.ActiveCfg = Release|Any CPU
		{E130CE07-5DED-4370-B7BF-C09FF5E4D3ED}.Release|Any CPU.Build.0 = Release|Any CPU
		{FAE5FA8F-E52D-47FB-838F-BD653D6A7F77}.Debug|Any CPU.ActiveCfg = Debug|Any CPU
		{FAE5FA8F-E52D-47FB-838F-BD653D6A7F77}.Debug|Any CPU.Build.0 = Debug|Any CPU
		{FAE5FA8F-E52D-47FB-838F-BD653D6A7F77}.Release|Any CPU.ActiveCfg = Release|Any CPU
		{FAE5FA8F-E52D-47FB-838F-BD653D6A7F77}.Release|Any CPU.Build.0 = Release|Any CPU
		{E6E46A4B-9C64-455E-A825-43C47C924525}.Debug|Any CPU.ActiveCfg = Debug|Any CPU
		{E6E46A4B-9C64-455E-A825-43C47C924525}.Debug|Any CPU.Build.0 = Debug|Any CPU
		{E6E46A4B-9C64-455E-A825-43C47C924525}.Release|Any CPU.ActiveCfg = Release|Any CPU
		{E6E46A4B-9C64-455E-A825-43C47C924525}.Release|Any CPU.Build.0 = Release|Any CPU
		{DD78CA5D-B7E0-4190-81CA-862FD88E00B9}.Debug|Any CPU.ActiveCfg = Debug|Any CPU
		{DD78CA5D-B7E0-4190-81CA-862FD88E00B9}.Debug|Any CPU.Build.0 = Debug|Any CPU
		{DD78CA5D-B7E0-4190-81CA-862FD88E00B9}.Release|Any CPU.ActiveCfg = Release|Any CPU
		{DD78CA5D-B7E0-4190-81CA-862FD88E00B9}.Release|Any CPU.Build.0 = Release|Any CPU
	EndGlobalSection
	GlobalSection(SolutionProperties) = preSolution
		HideSolutionNode = FALSE
	EndGlobalSection
	GlobalSection(NestedProjects) = preSolution
		{E130CE07-5DED-4370-B7BF-C09FF5E4D3ED} = {83E277FC-999F-47AE-B1CB-764FED170B80}
		{FAE5FA8F-E52D-47FB-838F-BD653D6A7F77} = {77D8720B-6BA3-4F0C-97C3-03EF67B56CDE}
		{E6E46A4B-9C64-455E-A825-43C47C924525} = {88F3DDB9-DBCB-439A-AD43-F21DD02A554C}
		{DD78CA5D-B7E0-4190-81CA-862FD88E00B9} = {370E1649-6634-41A9-A7E9-DEE5109BE1F8}
	EndGlobalSection
	GlobalSection(ExtensibilityGlobals) = postSolution
		SolutionGuid = {5F463D51-C3F7-4111-9E4F-2A5F631C87F7}
	EndGlobalSection
EndGlobal
